
Microsoft Visual Studio Solution File, Format Version 12.00
# Visual Studio Version 16
VisualStudioVersion = 16.0.31112.23
MinimumVisualStudioVersion = 10.0.40219.1
Project("{FAE04EC0-301F-11D3-BF4B-00C04F79EFBC}") = "hangman-v3", "hangman-v3\hangman-v3.csproj", "{A98A9DA2-B336-475C-851D-1BD83D2CAA4E}"
EndProject
Global
	GlobalSection(SolutionConfigurationPlatforms) = preSolution
		Debug|Any CPU = Debug|Any CPU
		Release|Any CPU = Release|Any CPU
	EndGlobalSection
	GlobalSection(ProjectConfigurationPlatforms) = postSolution
		{A98A9DA2-B336-475C-851D-1BD83D2CAA4E}.Debug|Any CPU.ActiveCfg = Debug|Any CPU
		{A98A9DA2-B336-475C-851D-1BD83D2CAA4E}.Debug|Any CPU.Build.0 = Debug|Any CPU
		{A98A9DA2-B336-475C-851D-1BD83D2CAA4E}.Release|Any CPU.ActiveCfg = Release|Any CPU
		{A98A9DA2-B336-475C-851D-1BD83D2CAA4E}.Release|Any CPU.Build.0 = Release|Any CPU
	EndGlobalSection
	GlobalSection(SolutionProperties) = preSolution
		HideSolutionNode = FALSE
	EndGlobalSection
	GlobalSection(ExtensibilityGlobals) = postSolution
		SolutionGuid = {33A7F8A6-6ECC-4C1A-9943-D98205FD396B}
	EndGlobalSection
EndGlobal
